
Microsoft Visual Studio Solution File, Format Version 12.00
# Visual Studio Version 16
VisualStudioVersion = 16.0.29905.134
MinimumVisualStudioVersion = 10.0.40219.1
Project("{FAE04EC0-301F-11D3-BF4B-00C04F79EFBC}") = "ControlCalculator", "ControlCalculator.csproj", "{20A4178F-2702-4802-9504-04388AADC2AD}"
EndProject
Global
	GlobalSection(SolutionConfigurationPlatforms) = preSolution
		Debug|Any CPU = Debug|Any CPU
		Release|Any CPU = Release|Any CPU
	EndGlobalSection
	GlobalSection(ProjectConfigurationPlatforms) = postSolution
		{20A4178F-2702-4802-9504-04388AADC2AD}.Debug|Any CPU.ActiveCfg = Debug|Any CPU
		{20A4178F-2702-4802-9504-04388AADC2AD}.Debug|Any CPU.Build.0 = Debug|Any CPU
		{20A4178F-2702-4802-9504-04388AADC2AD}.Release|Any CPU.ActiveCfg = Release|Any CPU
		{20A4178F-2702-4802-9504-04388AADC2AD}.Release|Any CPU.Build.0 = Release|Any CPU
	EndGlobalSection
	GlobalSection(SolutionProperties) = preSolution
		HideSolutionNode = FALSE
	EndGlobalSection
	GlobalSection(ExtensibilityGlobals) = postSolution
		SolutionGuid = {26419902-6E90-402A-9423-131D174E222F}
	EndGlobalSection
EndGlobal
